
Microsoft Visual Studio Solution File, Format Version 12.00
# Visual Studio Version 17
VisualStudioVersion = 17.13.35825.156 d17.13
MinimumVisualStudioVersion = 10.0.40219.1
Project("{FAE04EC0-301F-11D3-BF4B-00C04F79EFBC}") = "ParkingApp", "ParkingApp\ParkingApp.csproj", "{1FC64726-7E8C-4BF4-A4F7-BD4C4B64BFF0}"
EndProject
Global
	GlobalSection(SolutionConfigurationPlatforms) = preSolution
		Debug|Any CPU = Debug|Any CPU
		Release|Any CPU = Release|Any CPU
	EndGlobalSection
	GlobalSection(ProjectConfigurationPlatforms) = postSolution
		{1FC64726-7E8C-4BF4-A4F7-BD4C4B64BFF0}.Debug|Any CPU.ActiveCfg = Debug|Any CPU
		{1FC64726-7E8C-4BF4-A4F7-BD4C4B64BFF0}.Debug|Any CPU.Build.0 = Debug|Any CPU
		{1FC64726-7E8C-4BF4-A4F7-BD4C4B64BFF0}.Release|Any CPU.ActiveCfg = Release|Any CPU
		{1FC64726-7E8C-4BF4-A4F7-BD4C4B64BFF0}.Release|Any CPU.Build.0 = Release|Any CPU
	EndGlobalSection
	GlobalSection(SolutionProperties) = preSolution
		HideSolutionNode = FALSE
	EndGlobalSection
	GlobalSection(ExtensibilityGlobals) = postSolution
		SolutionGuid = {5D341AA3-CD21-4874-9D30-DE9BC83A6D32}
	EndGlobalSection
EndGlobal
